
Microsoft Visual Studio Solution File, Format Version 12.00
# Visual Studio Version 17
VisualStudioVersion = 17.11.35327.3
MinimumVisualStudioVersion = 10.0.40219.1
Project("{9A19103F-16F7-4668-BE54-9A1E7A4F7556}") = "ConsoleApp1", "ConsoleApp1\ConsoleApp1.csproj", "{5A4E99A5-A267-4296-BAE3-FFEB5FD1BBA6}"
EndProject
Project("{9A19103F-16F7-4668-BE54-9A1E7A4F7556}") = "ConsoleApp2", "ConsoleApp2\ConsoleApp2.csproj", "{CB63CD82-8729-4816-A98C-33BB0DFFF790}"
EndProject
Project("{9A19103F-16F7-4668-BE54-9A1E7A4F7556}") = "Collections2", "Collections2\Collections2.csproj", "{13BE3077-FDAF-4EA8-A047-BB6BA8863F85}"
EndProject
Project("{9A19103F-16F7-4668-BE54-9A1E7A4F7556}") = "Delegates", "Delegates\Delegates.csproj", "{4C729783-EB92-422A-BBED-D4FA43BA97C2}"
EndProject
Project("{FAE04EC0-301F-11D3-BF4B-00C04F79EFBC}") = "FuncActionPredicate", "FuncActionPredicate\FuncActionPredicate.csproj", "{975E8089-4A9A-4964-AD39-D7555505F1C8}"
EndProject
Project("{FAE04EC0-301F-11D3-BF4B-00C04F79EFBC}") = "AnonymousMethods", "AnonymousMethods\AnonymousMethods.csproj", "{8DEDBCAF-DF35-485C-A596-822D36B02A2F}"
EndProject
Project("{FAE04EC0-301F-11D3-BF4B-00C04F79EFBC}") = "Lambdas", "Lambdas\Lambdas.csproj", "{6B717DC7-1DD4-4014-8246-8023BD3F64A7}"
EndProject
Global
	GlobalSection(SolutionConfigurationPlatforms) = preSolution
		Debug|Any CPU = Debug|Any CPU
		Release|Any CPU = Release|Any CPU
	EndGlobalSection
	GlobalSection(ProjectConfigurationPlatforms) = postSolution
		{5A4E99A5-A267-4296-BAE3-FFEB5FD1BBA6}.Debug|Any CPU.ActiveCfg = Debug|Any CPU
		{5A4E99A5-A267-4296-BAE3-FFEB5FD1BBA6}.Debug|Any CPU.Build.0 = Debug|Any CPU
		{5A4E99A5-A267-4296-BAE3-FFEB5FD1BBA6}.Release|Any CPU.ActiveCfg = Release|Any CPU
		{5A4E99A5-A267-4296-BAE3-FFEB5FD1BBA6}.Release|Any CPU.Build.0 = Release|Any CPU
		{CB63CD82-8729-4816-A98C-33BB0DFFF790}.Debug|Any CPU.ActiveCfg = Debug|Any CPU
		{CB63CD82-8729-4816-A98C-33BB0DFFF790}.Debug|Any CPU.Build.0 = Debug|Any CPU
		{CB63CD82-8729-4816-A98C-33BB0DFFF790}.Release|Any CPU.ActiveCfg = Release|Any CPU
		{CB63CD82-8729-4816-A98C-33BB0DFFF790}.Release|Any CPU.Build.0 = Release|Any CPU
		{13BE3077-FDAF-4EA8-A047-BB6BA8863F85}.Debug|Any CPU.ActiveCfg = Debug|Any CPU
		{13BE3077-FDAF-4EA8-A047-BB6BA8863F85}.Debug|Any CPU.Build.0 = Debug|Any CPU
		{13BE3077-FDAF-4EA8-A047-BB6BA8863F85}.Release|Any CPU.ActiveCfg = Release|Any CPU
		{13BE3077-FDAF-4EA8-A047-BB6BA8863F85}.Release|Any CPU.Build.0 = Release|Any CPU
		{4C729783-EB92-422A-BBED-D4FA43BA97C2}.Debug|Any CPU.ActiveCfg = Debug|Any CPU
		{4C729783-EB92-422A-BBED-D4FA43BA97C2}.Debug|Any CPU.Build.0 = Debug|Any CPU
		{4C729783-EB92-422A-BBED-D4FA43BA97C2}.Release|Any CPU.ActiveCfg = Release|Any CPU
		{4C729783-EB92-422A-BBED-D4FA43BA97C2}.Release|Any CPU.Build.0 = Release|Any CPU
		{975E8089-4A9A-4964-AD39-D7555505F1C8}.Debug|Any CPU.ActiveCfg = Debug|Any CPU
		{975E8089-4A9A-4964-AD39-D7555505F1C8}.Debug|Any CPU.Build.0 = Debug|Any CPU
		{975E8089-4A9A-4964-AD39-D7555505F1C8}.Release|Any CPU.ActiveCfg = Release|Any CPU
		{975E8089-4A9A-4964-AD39-D7555505F1C8}.Release|Any CPU.Build.0 = Release|Any CPU
		{8DEDBCAF-DF35-485C-A596-822D36B02A2F}.Debug|Any CPU.ActiveCfg = Debug|Any CPU
		{8DEDBCAF-DF35-485C-A596-822D36B02A2F}.Debug|Any CPU.Build.0 = Debug|Any CPU
		{8DEDBCAF-DF35-485C-A596-822D36B02A2F}.Release|Any CPU.ActiveCfg = Release|Any CPU
		{8DEDBCAF-DF35-485C-A596-822D36B02A2F}.Release|Any CPU.Build.0 = Release|Any CPU
		{6B717DC7-1DD4-4014-8246-8023BD3F64A7}.Debug|Any CPU.ActiveCfg = Debug|Any CPU
		{6B717DC7-1DD4-4014-8246-8023BD3F64A7}.Debug|Any CPU.Build.0 = Debug|Any CPU
		{6B717DC7-1DD4-4014-8246-8023BD3F64A7}.Release|Any CPU.ActiveCfg = Release|Any CPU
		{6B717DC7-1DD4-4014-8246-8023BD3F64A7}.Release|Any CPU.Build.0 = Release|Any CPU
	EndGlobalSection
	GlobalSection(SolutionProperties) = preSolution
		HideSolutionNode = FALSE
	EndGlobalSection
	GlobalSection(ExtensibilityGlobals) = postSolution
		SolutionGuid = {143E130E-8BDC-49A7-9774-717B75129C95}
	EndGlobalSection
EndGlobal
